
Microsoft Visual Studio Solution File, Format Version 12.00
# Visual Studio Version 17
VisualStudioVersion = 17.3.32929.385
MinimumVisualStudioVersion = 10.0.40219.1
Project("{2150E333-8FDC-42A3-9474-1A3956D46DE8}") = "Aplication", "Aplication", "{51C69CDE-F1B7-4AF7-8F81-E9838A274BFE}"
EndProject
Project("{2150E333-8FDC-42A3-9474-1A3956D46DE8}") = "Domain", "Domain", "{B5FB876C-FD96-4B5F-9B07-C83526117364}"
EndProject
Project("{2150E333-8FDC-42A3-9474-1A3956D46DE8}") = "Service", "Service", "{33978CDA-B0FC-4EA2-ABB3-6DD15519DC29}"
EndProject
Project("{2150E333-8FDC-42A3-9474-1A3956D46DE8}") = "Infra", "Infra", "{5803D200-632D-438A-A211-A16A4CE48365}"
EndProject
Project("{FAE04EC0-301F-11D3-BF4B-00C04F79EFBC}") = "Teste.Data", "..\Teste\src\Teste.Data\Teste.Data.csproj", "{E6C1E1DD-B508-436E-ACEA-A11AD6786EF1}"
EndProject
Project("{2150E333-8FDC-42A3-9474-1A3956D46DE8}") = "Data", "Data", "{27125DBE-8EDB-420E-A58D-C431C7C1C328}"
EndProject
Project("{9A19103F-16F7-4668-BE54-9A1E7A4F7556}") = "API.REST.API", "..\..\..\Projetos\C#\PROJETOS Pessoais\API.REST\MeuApp.ApiRest\src\API.REST.API\API.REST.API.csproj", "{F44963A0-A840-48E8-A6BE-3D4C508FDF2A}"
EndProject
Project("{9A19103F-16F7-4668-BE54-9A1E7A4F7556}") = "API.REST.Domain", "..\..\..\Projetos\C#\PROJETOS Pessoais\API.REST\MeuApp.ApiRest\src\API.REST.Domain\API.REST.Domain.csproj", "{046E5D87-241E-4E20-877E-4554C1E7AB51}"
EndProject
Project("{9A19103F-16F7-4668-BE54-9A1E7A4F7556}") = "API.REST.Service", "..\..\..\Projetos\C#\PROJETOS Pessoais\API.REST\MeuApp.ApiRest\src\API.REST.Service\API.REST.Service.csproj", "{CE8EF1AA-927D-40CD-8E23-68C4F43C67A0}"
EndProject
Global
	GlobalSection(SolutionConfigurationPlatforms) = preSolution
		Debug|Any CPU = Debug|Any CPU
		Release|Any CPU = Release|Any CPU
	EndGlobalSection
	GlobalSection(ProjectConfigurationPlatforms) = postSolution
		{E6C1E1DD-B508-436E-ACEA-A11AD6786EF1}.Debug|Any CPU.ActiveCfg = Debug|Any CPU
		{E6C1E1DD-B508-436E-ACEA-A11AD6786EF1}.Debug|Any CPU.Build.0 = Debug|Any CPU
		{E6C1E1DD-B508-436E-ACEA-A11AD6786EF1}.Release|Any CPU.ActiveCfg = Release|Any CPU
		{E6C1E1DD-B508-436E-ACEA-A11AD6786EF1}.Release|Any CPU.Build.0 = Release|Any CPU
		{F44963A0-A840-48E8-A6BE-3D4C508FDF2A}.Debug|Any CPU.ActiveCfg = Debug|Any CPU
		{F44963A0-A840-48E8-A6BE-3D4C508FDF2A}.Debug|Any CPU.Build.0 = Debug|Any CPU
		{F44963A0-A840-48E8-A6BE-3D4C508FDF2A}.Release|Any CPU.ActiveCfg = Release|Any CPU
		{F44963A0-A840-48E8-A6BE-3D4C508FDF2A}.Release|Any CPU.Build.0 = Release|Any CPU
		{046E5D87-241E-4E20-877E-4554C1E7AB51}.Debug|Any CPU.ActiveCfg = Debug|Any CPU
		{046E5D87-241E-4E20-877E-4554C1E7AB51}.Debug|Any CPU.Build.0 = Debug|Any CPU
		{046E5D87-241E-4E20-877E-4554C1E7AB51}.Release|Any CPU.ActiveCfg = Release|Any CPU
		{046E5D87-241E-4E20-877E-4554C1E7AB51}.Release|Any CPU.Build.0 = Release|Any CPU
		{CE8EF1AA-927D-40CD-8E23-68C4F43C67A0}.Debug|Any CPU.ActiveCfg = Debug|Any CPU
		{CE8EF1AA-927D-40CD-8E23-68C4F43C67A0}.Debug|Any CPU.Build.0 = Debug|Any CPU
		{CE8EF1AA-927D-40CD-8E23-68C4F43C67A0}.Release|Any CPU.ActiveCfg = Release|Any CPU
		{CE8EF1AA-927D-40CD-8E23-68C4F43C67A0}.Release|Any CPU.Build.0 = Release|Any CPU
	EndGlobalSection
	GlobalSection(SolutionProperties) = preSolution
		HideSolutionNode = FALSE
	EndGlobalSection
	GlobalSection(NestedProjects) = preSolution
		{E6C1E1DD-B508-436E-ACEA-A11AD6786EF1} = {27125DBE-8EDB-420E-A58D-C431C7C1C328}
		{27125DBE-8EDB-420E-A58D-C431C7C1C328} = {5803D200-632D-438A-A211-A16A4CE48365}
		{F44963A0-A840-48E8-A6BE-3D4C508FDF2A} = {51C69CDE-F1B7-4AF7-8F81-E9838A274BFE}
		{046E5D87-241E-4E20-877E-4554C1E7AB51} = {B5FB876C-FD96-4B5F-9B07-C83526117364}
		{CE8EF1AA-927D-40CD-8E23-68C4F43C67A0} = {33978CDA-B0FC-4EA2-ABB3-6DD15519DC29}
	EndGlobalSection
	GlobalSection(ExtensibilityGlobals) = postSolution
		SolutionGuid = {FD81456C-CF7E-4B44-AE30-0607DAB47BE3}
	EndGlobalSection
EndGlobal
